
Microsoft Visual Studio Solution File, Format Version 12.00
# Visual Studio Version 16
VisualStudioVersion = 16.0.31025.194
MinimumVisualStudioVersion = 10.0.40219.1
Project("{FAE04EC0-301F-11D3-BF4B-00C04F79EFBC}") = "ParallelSpeed.cs", "Parallel.cs\ParallelSpeed.cs.csproj", "{4FFE3234-23A8-4D37-BD37-4853ED6962FF}"
EndProject
Global
	GlobalSection(SolutionConfigurationPlatforms) = preSolution
		Debug|Any CPU = Debug|Any CPU
		Release|Any CPU = Release|Any CPU
	EndGlobalSection
	GlobalSection(ProjectConfigurationPlatforms) = postSolution
		{4FFE3234-23A8-4D37-BD37-4853ED6962FF}.Debug|Any CPU.ActiveCfg = Debug|Any CPU
		{4FFE3234-23A8-4D37-BD37-4853ED6962FF}.Debug|Any CPU.Build.0 = Debug|Any CPU
		{4FFE3234-23A8-4D37-BD37-4853ED6962FF}.Release|Any CPU.ActiveCfg = Release|Any CPU
		{4FFE3234-23A8-4D37-BD37-4853ED6962FF}.Release|Any CPU.Build.0 = Release|Any CPU
	EndGlobalSection
	GlobalSection(SolutionProperties) = preSolution
		HideSolutionNode = FALSE
	EndGlobalSection
	GlobalSection(ExtensibilityGlobals) = postSolution
		SolutionGuid = {AFFA20FA-7FF5-40EF-8543-0971E3A6C1D0}
	EndGlobalSection
EndGlobal
